
Microsoft Visual Studio Solution File, Format Version 12.00
# Visual Studio 15
VisualStudioVersion = 15.0.27428.2015
MinimumVisualStudioVersion = 10.0.40219.1
Project("{9A19103F-16F7-4668-BE54-9A1E7A4F7556}") = "secure-file", "secure-file\secure-file.csproj", "{A72C131C-415F-4B82-B097-8C6A588C42AF}"
EndProject
Project("{2150E333-8FDC-42A3-9474-1A3956D46DE8}") = "Solution Items", "Solution Items", "{97AD15FA-D5A9-4748-98EA-757830E4B39F}"
	ProjectSection(SolutionItems) = preProject
		appveyor.yml = appveyor.yml
		build.cmd = build.cmd
		install.ps1 = install.ps1
		install.sh = install.sh
		README.md = README.md
	EndProjectSection
EndProject
Global
	GlobalSection(SolutionConfigurationPlatforms) = preSolution
		Debug|Any CPU = Debug|Any CPU
		Release|Any CPU = Release|Any CPU
	EndGlobalSection
	GlobalSection(ProjectConfigurationPlatforms) = postSolution
		{A72C131C-415F-4B82-B097-8C6A588C42AF}.Debug|Any CPU.ActiveCfg = Debug|Any CPU
		{A72C131C-415F-4B82-B097-8C6A588C42AF}.Debug|Any CPU.Build.0 = Debug|Any CPU
		{A72C131C-415F-4B82-B097-8C6A588C42AF}.Release|Any CPU.ActiveCfg = Release|Any CPU
		{A72C131C-415F-4B82-B097-8C6A588C42AF}.Release|Any CPU.Build.0 = Release|Any CPU
	EndGlobalSection
	GlobalSection(SolutionProperties) = preSolution
		HideSolutionNode = FALSE
	EndGlobalSection
	GlobalSection(ExtensibilityGlobals) = postSolution
		SolutionGuid = {9A3C6240-6650-4F17-8FC1-5AD7D0C14616}
	EndGlobalSection
EndGlobal
